
Microsoft Visual Studio Solution File, Format Version 12.00
# Visual Studio Version 17
VisualStudioVersion = 17.6.33815.320
MinimumVisualStudioVersion = 10.0.40219.1
Project("{FAE04EC0-301F-11D3-BF4B-00C04F79EFBC}") = "SOLIDExample", "SOLIDExample\SOLIDExample.csproj", "{4C648283-2E7E-45F9-BC5C-BC14AEBF9848}"
EndProject
Project("{2150E333-8FDC-42A3-9474-1A3956D46DE8}") = "Solution Items", "Solution Items", "{FA2FEE38-6639-47EC-8E82-89811A9EBFE1}"
	ProjectSection(SolutionItems) = preProject
		readme.md = readme.md
	EndProjectSection
EndProject
Global
	GlobalSection(SolutionConfigurationPlatforms) = preSolution
		Debug|Any CPU = Debug|Any CPU
		Release|Any CPU = Release|Any CPU
	EndGlobalSection
	GlobalSection(ProjectConfigurationPlatforms) = postSolution
		{4C648283-2E7E-45F9-BC5C-BC14AEBF9848}.Debug|Any CPU.ActiveCfg = Debug|Any CPU
		{4C648283-2E7E-45F9-BC5C-BC14AEBF9848}.Debug|Any CPU.Build.0 = Debug|Any CPU
		{4C648283-2E7E-45F9-BC5C-BC14AEBF9848}.Release|Any CPU.ActiveCfg = Release|Any CPU
		{4C648283-2E7E-45F9-BC5C-BC14AEBF9848}.Release|Any CPU.Build.0 = Release|Any CPU
	EndGlobalSection
	GlobalSection(SolutionProperties) = preSolution
		HideSolutionNode = FALSE
	EndGlobalSection
	GlobalSection(ExtensibilityGlobals) = postSolution
		SolutionGuid = {F9ED639D-5171-47D4-8E46-BB1C3CADD883}
	EndGlobalSection
EndGlobal
